
Microsoft Visual Studio Solution File, Format Version 12.00
# Visual Studio Version 16
VisualStudioVersion = 16.0.29519.87
MinimumVisualStudioVersion = 10.0.40219.1
Project("{FAE04EC0-301F-11D3-BF4B-00C04F79EFBC}") = "Vectores", "Vectores\Vectores.csproj", "{98AE406E-5BE2-4F68-8C26-2F8CF376BC1D}"
EndProject
Global
	GlobalSection(SolutionConfigurationPlatforms) = preSolution
		Debug|Any CPU = Debug|Any CPU
		Release|Any CPU = Release|Any CPU
	EndGlobalSection
	GlobalSection(ProjectConfigurationPlatforms) = postSolution
		{98AE406E-5BE2-4F68-8C26-2F8CF376BC1D}.Debug|Any CPU.ActiveCfg = Debug|Any CPU
		{98AE406E-5BE2-4F68-8C26-2F8CF376BC1D}.Debug|Any CPU.Build.0 = Debug|Any CPU
		{98AE406E-5BE2-4F68-8C26-2F8CF376BC1D}.Release|Any CPU.ActiveCfg = Release|Any CPU
		{98AE406E-5BE2-4F68-8C26-2F8CF376BC1D}.Release|Any CPU.Build.0 = Release|Any CPU
	EndGlobalSection
	GlobalSection(SolutionProperties) = preSolution
		HideSolutionNode = FALSE
	EndGlobalSection
	GlobalSection(ExtensibilityGlobals) = postSolution
		SolutionGuid = {FD7F7EA5-B51E-422D-91D5-5DCDF5A397E1}
	EndGlobalSection
EndGlobal
